
Microsoft Visual Studio Solution File, Format Version 12.00
# Visual Studio Version 17
VisualStudioVersion = 17.4.33403.182
MinimumVisualStudioVersion = 10.0.40219.1
Project("{FAE04EC0-301F-11D3-BF4B-00C04F79EFBC}") = "OutdoorStore.UI", "OutdoorStore.UI\OutdoorStore.UI.csproj", "{74ADCF17-FA52-41CA-A254-C588110B8360}"
EndProject
Global
	GlobalSection(SolutionConfigurationPlatforms) = preSolution
		Debug|Any CPU = Debug|Any CPU
		Release|Any CPU = Release|Any CPU
	EndGlobalSection
	GlobalSection(ProjectConfigurationPlatforms) = postSolution
		{74ADCF17-FA52-41CA-A254-C588110B8360}.Debug|Any CPU.ActiveCfg = Debug|Any CPU
		{74ADCF17-FA52-41CA-A254-C588110B8360}.Debug|Any CPU.Build.0 = Debug|Any CPU
		{74ADCF17-FA52-41CA-A254-C588110B8360}.Release|Any CPU.ActiveCfg = Release|Any CPU
		{74ADCF17-FA52-41CA-A254-C588110B8360}.Release|Any CPU.Build.0 = Release|Any CPU
	EndGlobalSection
	GlobalSection(SolutionProperties) = preSolution
		HideSolutionNode = FALSE
	EndGlobalSection
	GlobalSection(ExtensibilityGlobals) = postSolution
		SolutionGuid = {55A24744-66FB-4FB0-8874-F6935D33A98D}
	EndGlobalSection
EndGlobal
